
Microsoft Visual Studio Solution File, Format Version 12.00
# Visual Studio Version 17
VisualStudioVersion = 17.0.31912.275
MinimumVisualStudioVersion = 10.0.40219.1
Project("{FAE04EC0-301F-11D3-BF4B-00C04F79EFBC}") = "Decorator", "Decorator\Decorator.csproj", "{9765F8FF-4127-49F6-B623-EA2184CF9F45}"
EndProject
Global
	GlobalSection(SolutionConfigurationPlatforms) = preSolution
		Debug|Any CPU = Debug|Any CPU
		Release|Any CPU = Release|Any CPU
	EndGlobalSection
	GlobalSection(ProjectConfigurationPlatforms) = postSolution
		{9765F8FF-4127-49F6-B623-EA2184CF9F45}.Debug|Any CPU.ActiveCfg = Debug|Any CPU
		{9765F8FF-4127-49F6-B623-EA2184CF9F45}.Debug|Any CPU.Build.0 = Debug|Any CPU
		{9765F8FF-4127-49F6-B623-EA2184CF9F45}.Release|Any CPU.ActiveCfg = Release|Any CPU
		{9765F8FF-4127-49F6-B623-EA2184CF9F45}.Release|Any CPU.Build.0 = Release|Any CPU
	EndGlobalSection
	GlobalSection(SolutionProperties) = preSolution
		HideSolutionNode = FALSE
	EndGlobalSection
	GlobalSection(ExtensibilityGlobals) = postSolution
		SolutionGuid = {7DBA3588-6BA9-4CCA-8D46-064E99C0ADC2}
	EndGlobalSection
EndGlobal
